Microsoft Visual Studio Solution File, Format Version 12.00
# Visual Studio Version 16
VisualStudioVersion = 16.0.29403.142
MinimumVisualStudioVersion = 10.0.40219.1
Project("{FAE04EC0-301F-11D3-BF4B-00C04F79EFBC}") = "Monopoly_game", "Monopoly_game.csproj", "{0D507EDF-B531-40E6-B80B-F9549445DB95}"
EndProject
Global
	GlobalSection(SolutionConfigurationPlatforms) = preSolution
		Debug|anycpu = Debug|anycpu
		Release|anycpu = Release|anycpu
	EndGlobalSection
	GlobalSection(ProjectConfigurationPlatforms) = postSolution
		{0D507EDF-B531-40E6-B80B-F9549445DB95}.Debug|anycpu.ActiveCfg = Debug|Any CPU
		{0D507EDF-B531-40E6-B80B-F9549445DB95}.Debug|anycpu.Build.0 = Debug|Any CPU
		{0D507EDF-B531-40E6-B80B-F9549445DB95}.Release|anycpu.ActiveCfg = Release|Any CPU
		{0D507EDF-B531-40E6-B80B-F9549445DB95}.Release|anycpu.Build.0 = Release|Any CPU
	EndGlobalSection
	GlobalSection(SolutionProperties) = preSolution
		HideSolutionNode = FALSE
	EndGlobalSection
	GlobalSection(ExtensibilityGlobals) = postSolution
		SolutionGuid = {0390D45D-E860-4C6E-AEFC-18BBAF01F680}
	EndGlobalSection
EndGlobal
